
Microsoft Visual Studio Solution File, Format Version 12.00
# Visual Studio Version 17
VisualStudioVersion = 17.8.34525.116
MinimumVisualStudioVersion = 10.0.40219.1
Project("{FAE04EC0-301F-11D3-BF4B-00C04F79EFBC}") = "fixit-main", "fixit-main\fixit-main.csproj", "{B6C6B668-B012-4808-AC69-078DBDDF1674}"
EndProject
Global
	GlobalSection(SolutionConfigurationPlatforms) = preSolution
		Debug|Any CPU = Debug|Any CPU
		Release|Any CPU = Release|Any CPU
	EndGlobalSection
	GlobalSection(ProjectConfigurationPlatforms) = postSolution
		{B6C6B668-B012-4808-AC69-078DBDDF1674}.Debug|Any CPU.ActiveCfg = Debug|Any CPU
		{B6C6B668-B012-4808-AC69-078DBDDF1674}.Debug|Any CPU.Build.0 = Debug|Any CPU
		{B6C6B668-B012-4808-AC69-078DBDDF1674}.Release|Any CPU.ActiveCfg = Release|Any CPU
		{B6C6B668-B012-4808-AC69-078DBDDF1674}.Release|Any CPU.Build.0 = Release|Any CPU
	EndGlobalSection
	GlobalSection(SolutionProperties) = preSolution
		HideSolutionNode = FALSE
	EndGlobalSection
	GlobalSection(ExtensibilityGlobals) = postSolution
		SolutionGuid = {942CF2E6-C840-4B01-8E68-C123603B38D0}
	EndGlobalSection
EndGlobal
